{
    "_meta": {
        "hash": {
            "sha256": "1a54af7493bc211f89811f157984a882f23cd522c50396e484867ede0c4c87a3"
        },
        "pipfile-spec": 6,
        "requires": {
            "python_version": "3.6"
        },
        "sources": [
            {
                "name": "pypi",
                "url": "https://pypi.python.org/simple",
                "verify_ssl": true
            }
        ]
    },
    "default": {
        "certifi": {
            "hashes": [
                "sha256:59b7658e26ca9c7339e00f8f4636cdfe59d34fa37b9b04f6f9e9926b3cece1a5",
                "sha256:b26104d6835d1f5e49452a26eb2ff87fe7090b89dfcaee5ea2212697e1e1d7ae"
            ],
            "version": "==2019.3.9"
        },
        "chardet": {
            "hashes": [
                "sha256:84ab92ed1c4d4f16916e05906b6b75a6c0fb5db821cc65e70cbd64a3e2a5eaae",
                "sha256:fc323ffcaeaed0e0a02bf4d117757b98aed530d9ed4531e3e15460124c106691"
            ],
            "version": "==3.0.4"
        },
        "dj-database-url": {
            "hashes": [
                "sha256:4aeaeb1f573c74835b0686a2b46b85990571159ffc21aa57ecd4d1e1cb334163",
                "sha256:851785365761ebe4994a921b433062309eb882fedd318e1b0fcecc607ed02da9"
            ],
            "version": "==0.5.0"
        },
        "django": {
            "hashes": [
                "sha256:275bec66fd2588dd517ada59b8bfb23d4a9abc5a362349139ddda3c7ff6f5ade",
                "sha256:939652e9d34d7d53d74d5d8ef82a19e5f8bb2de75618f7e5360691b6e9667963"
            ],
            "index": "pypi",
            "version": "==2.1.7"
        },
        "django-heroku": {
            "hashes": [
                "sha256:2bc690aab89eedbe01311752320a9a12e7548e3b0ed102681acc5736a41a4762",
                "sha256:6af4bc3ae4a9b55eaad6dbe5164918982d2762661aebc9f83d9fa49f6009514e"
            ],
            "index": "pypi",
            "version": "==0.3.1"
        },
        "gunicorn": {
            "hashes": [
                "sha256:aa8e0b40b4157b36a5df5e599f45c9c76d6af43845ba3b3b0efe2c70473c2471",
                "sha256:fa2662097c66f920f53f70621c6c58ca4a3c4d3434205e608e121b5b3b71f4f3"
            ],
            "index": "pypi",
            "version": "==19.9.0"
        },
        "idna": {
            "hashes": [
                "sha256:c357b3f628cf53ae2c4c05627ecc484553142ca23264e593d327bcde5e9c3407",
                "sha256:ea8b7f6188e6fa117537c3df7da9fc686d485087abf6ac197f9c46432f7e4a3c"
            ],
            "version": "==2.8"
        },
        "oauthlib": {
            "hashes": [
                "sha256:0ce32c5d989a1827e3f1148f98b9085ed2370fc939bf524c9c851d8714797298",
                "sha256:3e1e14f6cde7e5475128d30e97edc3bfb4dc857cb884d8714ec161fdbb3b358e"
            ],
            "version": "==3.0.1"
        },
        "psycopg2": {
            "hashes": [
                "sha256:2433931723bf6be4bd342e003ffa9a1cef2cb4de7735d5b063fd554fd64a744c",
                "sha256:2a0497c8ade1a5a0dc3d62b7f1a4fbcbccfa15d9ef69cce064119cd723566392",
                "sha256:3ad3cf4732ff7d87dc12031836e5097fc42be767193771da90b8b5038cdca412",
                "sha256:453c5bc0563c9b9601ef9243c095da9e327f24da6917b7c3ede8e0cd9dd9477d",
                "sha256:49c5838d90e83217909db3789d30a105385b5e696ec5168cda645546c542f35a",
                "sha256:6d849117337afd1aa0a74ab9a6c9d2160228d25d5babfa4d9a98bf4a4dad8062",
                "sha256:8980dbabfb2ed0866b6bd5687d1407c3bccaac1f2f496f1206472108be69b92d",
                "sha256:a286480430af972be9c30333c48883890dc8d87eab0d591e24975dcf99abff6c",
                "sha256:bc7ec9ab1f33edd5db40edfb407aabdc92e573c4fcacd9093a9a6f3dd93c7af2",
                "sha256:d303d9f88ec839a51b430bbec0f4a8314d0d2a53f760e67e95e25e39f6d6fb5f",
                "sha256:e9836455931ac3d91b71312fa3bb2b9db8c42720a53b7de7db082406e4828585"
            ],
            "version": "==2.8"
        },
        "psycopg2-binary": {
            "hashes": [
                "sha256:0c8cb1b93e25eaf1dfedbcb4cee4ce3860035ce216b71590bda5f8dc99128526",
                "sha256:1c2eeb074d2be404f22a14c4c71eeaa1a855c940abedf6f726158348e9c83dd6",
                "sha256:1d879395a5d0dfe191dcfc622dce8b0a5e4fb76d089c903f18a4913e5fbc79c7",
                "sha256:20d47c61bc9d6a431039f6ceb3b9a34a952a1562cf718054f64c524526fb8ed8",
                "sha256:39fc9323f065361b99fca7758ac723d7e66bbc7e6ec9c90e398857af0ef61404",
                "sha256:3c5b7579f3075f19b0b54495d28105049d44564d67b817eef2fa561b2bcf532b",
                "sha256:3f811db92e30ea2412dfba8e64b18102017646969b5f436138d7b2b38a0e8966",
                "sha256:41d60c8610a70b6666641b662379ef3b847ad2acd38303d4c8e34efd0f782403",
                "sha256:45979c708536a3132398863579280657c6bc77e9b9be8b05ba0dae9013b5a0a8",
                "sha256:4aaa54574b52b85223d3d950b2fc77bd672e6fbb324bb99f834eacbedc4545f7",
                "sha256:50647aa5f7171153a5f7fa667f99f55468b9b663b997927e4d2e83955b21aa9f",
                "sha256:528175ab1f12131bb5ea0df64fc524a4c6c51c197dc68d2a9e646029890d4d0f",
                "sha256:5cbb49cc1c3c4c69ba09a7e18452bd44371b6adad0c9636f117a7554660af529",
                "sha256:6e2f69635b548147e9b9298f5b67155d212f742683e51d78d24ceec4a3f5464d",
                "sha256:7994d43431f1b9eba5daa1bdb8f626482cf01e379c00967092c6ebb3e4d3235f",
                "sha256:86ec556a75f7e0124581100f2c4c8f9c8d67fc6254af4ce500633a77a4ca3207",
                "sha256:9c32635fca3c250f5a3d2e424819419cd4a0f277c1a383b20fdd95e799d1da7c",
                "sha256:9e19396065fdbbbc7c0b288a4e70694e1e63593388020fdb86076b12c315bda5",
                "sha256:a9e7606233fa6c559491758cb319fab6cec25d931cdb5db670c434dde44ab56b",
                "sha256:c914312ad7c923ac154821fbd591e8482ab03cdb190e14b05e30bf856f69e98c",
                "sha256:d354ebb06f851f5f2cbc675bbb1369f71091aec6a894986d68341cbca59e7e56",
                "sha256:d35a25989112c07a994070f1b3c711b19a14209c7608802eced3bcbf07c375bb",
                "sha256:d71c128151c2d93fab36d7273b6a6696a63e0aa03ba3f7b1b0abb862c2344765",
                "sha256:d77e4cbecc30f3a8406873c83075c5dae9dcd2ba1c0ffb088edd29372d3df84c",
                "sha256:dd0b68d212d0992e2a906c6c34a1ef3f82b3dba74ff99744c77f390ffecb0cca",
                "sha256:f0f97d3e0ab12456733687fc99d05e4de67f12d48a57c3baf1f5a1c6cd76c876",
                "sha256:f7b72646a5a50aed8535d8cd2d7e915238f389c181d20143f67c2c6527ca5d0e",
                "sha256:fd06663aa38b2b7b1f71017329545e17f2a583b127de4eeaabdc4cb16cf3a942"
            ],
            "index": "pypi",
            "version": "==2.8"
        },
        "pysocks": {
            "hashes": [
                "sha256:3fe52c55890a248676fd69dc9e3c4e811718b777834bcaab7a8125cf9deac672"
            ],
            "version": "==1.6.8"
        },
        "pytz": {
            "hashes": [
                "sha256:32b0891edff07e28efe91284ed9c31e123d84bea3fd98e1f72be2508f43ef8d9",
                "sha256:d5f05e487007e29e03409f9398d074e158d920d36eb82eaf66fb1136b0c5374c"
            ],
            "version": "==2018.9"
        },
        "requests": {
            "hashes": [
                "sha256:502a824f31acdacb3a35b6690b5fbf0bc41d63a24a45c4004352b0242707598e",
                "sha256:7bf2a778576d825600030a110f3c0e3e8edc51dfaafe1c146e39a2027784957b"
            ],
            "version": "==2.21.0"
        },
        "requests-oauthlib": {
            "hashes": [
                "sha256:bd6533330e8748e94bf0b214775fed487d309b8b8fe823dc45641ebcd9a32f57",
                "sha256:d3ed0c8f2e3bbc6b344fa63d6f933745ab394469da38db16bdddb461c7e25140"
            ],
            "version": "==1.2.0"
        },
        "six": {
            "hashes": [
                "sha256:3350809f0555b11f552448330d0b52d5f24c91a322ea4a15ef22629740f3761c",
                "sha256:d16a0141ec1a18405cd4ce8b4613101da75da0e9a7aec5bdd4fa804d0e0eba73"
            ],
            "version": "==1.12.0"
        },
        "tweepy": {
            "hashes": [
                "sha256:de56db37181e6ba2a375a7a81845ee6b2aee0e39a7bc8fb96a60c0370062f0a2",
                "sha256:fe85a79f58a01dd335968523b91c5fce760e7fe78bf25a6e71c72204fe499d0b"
            ],
            "index": "pypi",
            "version": "==3.7.0"
        },
        "urllib3": {
            "hashes": [
                "sha256:61bf29cada3fc2fbefad4fdf059ea4bd1b4a86d2b6d15e1c7c0b582b9752fe39",
                "sha256:de9529817c93f27c8ccbfead6985011db27bd0ddfcdb2d86f3f663385c6a9c22"
            ],
            "version": "==1.24.1"
        },
        "whitenoise": {
            "hashes": [
                "sha256:118ab3e5f815d380171b100b05b76de2a07612f422368a201a9ffdeefb2251c1",
                "sha256:42133ddd5229eeb6a0c9899496bdbe56c292394bf8666da77deeb27454c0456a"
            ],
            "version": "==4.1.2"
        }
    },
    "develop": {}
}
